<?xml version="1.0" encoding="UTF-8" standalone="yes" ?>
<CodeBlocks_project_file>
	<FileVersion major="1" minor="6" />
	<Project>
		<Option title="nzhsakk" />
		<Option pch_mode="2" />
		<Option compiler="gcc" />
		<Build>
			<Target title="Debug">
				<Option output="bin/Debug/nzhsakk" prefix_auto="1" extension_auto="1" />
				<Option object_output="obj/Debug/" />
				<Option type="1" />
				<Option compiler="gcc" />
				<Compiler>
					<Add option="-g" />
				</Compiler>
			</Target>
			<Target title="Release">
				<Option output="bin/Release/nzhsakk" prefix_auto="1" extension_auto="1" />
				<Option object_output="obj/Release/" />
				<Option type="1" />
				<Option compiler="gcc" />
				<Compiler>
					<Add option="-O2" />
				</Compiler>
				<Linker>
					<Add option="-s" />
				</Linker>
			</Target>
		</Build>
		<Compiler>
			<Add option="-Wall" />
		</Compiler>
		<Unit filename="chessRule.c">
			<Option compilerVar="CC" />
		</Unit>
		<Unit filename="chessRule.h" />
		<Unit filename="control.c">
			<Option compilerVar="CC" />
		</Unit>
		<Unit filename="control.h" />
		<Unit filename="debugmalloc.h" />
		<Unit filename="econio.c">
			<Option compilerVar="CC" />
		</Unit>
		<Unit filename="econio.h" />
		<Unit filename="fileManage.c">
			<Option compilerVar="CC" />
		</Unit>
		<Unit filename="fileManage.h" />
		<Unit filename="leaderBoard.c">
			<Option compilerVar="CC" />
		</Unit>
		<Unit filename="leaderBoard.h" />
		<Unit filename="loadGame.c">
			<Option compilerVar="CC" />
		</Unit>
		<Unit filename="loadGame.h" />
		<Unit filename="main.c">
			<Option compilerVar="CC" />
		</Unit>
		<Unit filename="menu.c">
			<Option compilerVar="CC" />
		</Unit>
		<Unit filename="menu.h" />
		<Unit filename="newGame.c">
			<Option compilerVar="CC" />
		</Unit>
		<Unit filename="newGame.h" />
		<Unit filename="pieces.c">
			<Option compilerVar="CC" />
		</Unit>
		<Unit filename="pieces.h" />
		<Unit filename="tableDisplay.c">
			<Option compilerVar="CC" />
		</Unit>
		<Unit filename="tableDisplay.h" />
		<Extensions>
			<lib_finder disable_auto="1" />
		</Extensions>
	</Project>
</CodeBlocks_project_file>
